
Microsoft Visual Studio Solution File, Format Version 12.00
# Visual Studio 15
VisualStudioVersion = 15.0.28307.329
MinimumVisualStudioVersion = 10.0.40219.1
Project("{FAE04EC0-301F-11D3-BF4B-00C04F79EFBC}") = "Clipboard_Sharp", "Clipboard_Sharp\Clipboard_Sharp.csproj", "{31AE7179-9CE4-48A9-889E-631B7109C362}"
EndProject
Project("{54435603-DBB4-11D2-8724-00A0C9A8B90C}") = "SetupClipboardSharp", "SetupClipboardSharp\SetupClipboardSharp.vdproj", "{E07FFF59-7B73-4255-BF0C-BAD1A4AF6FD0}"
EndProject
Global
	GlobalSection(SolutionConfigurationPlatforms) = preSolution
		Debug|Any CPU = Debug|Any CPU
		Release|Any CPU = Release|Any CPU
	EndGlobalSection
	GlobalSection(ProjectConfigurationPlatforms) = postSolution
		{31AE7179-9CE4-48A9-889E-631B7109C362}.Debug|Any CPU.ActiveCfg = Debug|Any CPU
		{31AE7179-9CE4-48A9-889E-631B7109C362}.Debug|Any CPU.Build.0 = Debug|Any CPU
		{31AE7179-9CE4-48A9-889E-631B7109C362}.Release|Any CPU.ActiveCfg = Release|Any CPU
		{31AE7179-9CE4-48A9-889E-631B7109C362}.Release|Any CPU.Build.0 = Release|Any CPU
		{E07FFF59-7B73-4255-BF0C-BAD1A4AF6FD0}.Debug|Any CPU.ActiveCfg = Debug
		{E07FFF59-7B73-4255-BF0C-BAD1A4AF6FD0}.Release|Any CPU.ActiveCfg = Release
	EndGlobalSection
	GlobalSection(SolutionProperties) = preSolution
		HideSolutionNode = FALSE
	EndGlobalSection
	GlobalSection(ExtensibilityGlobals) = postSolution
		SolutionGuid = {691D3016-6FC1-4E8F-9562-2FB5BBFA2724}
	EndGlobalSection
EndGlobal
